# This file is autogenerated, do not edit; changes may be undone by the next 'dep ensure'.


[[projects]]
  name = "github.com/studio-b12/gowebdav"
  packages = ["."]
  revision = "a33240e4ab5b60f5295e83245a32c51d14ef8122"
  version = "6"

[[projects]]
  branch = "master"
  name = "golang.org/x/crypto"
  packages = ["ssh/terminal"]
  revision = "7f39a6fea4fe9364fb61e1def6a268a51b4f3a06"

[[projects]]
  branch = "master"
  name = "golang.org/x/sys"
  packages = [
    "unix",
    "windows"
  ]
  revision = "ad87a3a340fa7f3bed189293fbfa7a9b7e021ae1"

[solve-meta]
  analyzer-name = "dep"
  analyzer-version = 1
  inputs-digest = "7e5c2cf34bbd269ebe59e7bab7123b7f1d82f4ce4dd911aff5b15085f61cb64d"
  solver-name = "gps-cdcl"
  solver-version = 1
