# This file is autogenerated, do not edit; changes may be undone by the next 'dep ensure'.


[[projects]]
  name = "github.com/mattn/go-isatty"
  packages = ["."]
  revision = "0360b2af4f38e8d38c7fce2a9f4e702702d73a39"
  version = "v0.0.3"

[[projects]]
  name = "github.com/studio-b12/gowebdav"
  packages = ["."]
  revision = "a33240e4ab5b60f5295e83245a32c51d14ef8122"
  version = "6"

[[projects]]
  branch = "master"
  name = "github.com/thamaji/ioutils"
  packages = ["."]
  revision = "a8793efb4c40f5a4fc4a5ed0db70741ea68df0bb"

[[projects]]
  name = "github.com/vbauerster/mpb"
  packages = [
    ".",
    "cwriter",
    "decor"
  ]
  revision = "23769ee3856b917f8a1ae929ca1c6f408ebdaefe"
  version = "v3.2.0"

[[projects]]
  branch = "master"
  name = "golang.org/x/crypto"
  packages = ["ssh/terminal"]
  revision = "8ac0e0d97ce45cd83d1d7243c060cb8461dda5e9"

[[projects]]
  branch = "master"
  name = "golang.org/x/sys"
  packages = [
    "unix",
    "windows"
  ]
  revision = "9527bec2660bd847c050fda93a0f0c6dee0800bb"

[solve-meta]
  analyzer-name = "dep"
  analyzer-version = 1
  inputs-digest = "482e2c01077cab1b987145fa5936fabf26623d26b8966be14605c5bb095f86d8"
  solver-name = "gps-cdcl"
  solver-version = 1
